<?xml version="1.0" encoding="utf-8"?>
<Project ToolsVersion="4.0" xmlns="http://schemas.microsoft.com/developer/msbuild/2003">
  <ItemGroup>
    <Filter Include="Source Files">
      <UniqueIdentifier>{4FC737F1-C7A5-4376-A066-2A32D752A2FF}</UniqueIdentifier>
      <Extensions>cpp;c;cc;cxx;c++;cppm;ixx;def;odl;idl;hpj;bat;asm;asmx</Extensions>
    </Filter>
    <Filter Include="Header Files">
      <UniqueIdentifier>{93995380-89BD-4b04-88EB-625FBE52EBFB}</UniqueIdentifier>
      <Extensions>h;hh;hpp;hxx;h++;hm;inl;inc;ipp;xsd</Extensions>
    </Filter>
    <Filter Include="Resource Files">
      <UniqueIdentifier>{67DA6AB6-F800-4c08-8B7A-83BB121AAD01}</UniqueIdentifier>
      <Extensions>rc;ico;cur;bmp;dlg;rc2;rct;bin;rgs;gif;jpg;jpeg;jpe;resx;tiff;tif;png;wav;mfcribbon-ms</Extensions>
    </Filter>
  </ItemGroup>
  <ItemGroup>
    <ClCompile Include="AstroEngine\Src\AssetManager.cpp">
      <Filter>Source Files</Filter>
    </ClCompile>
    <ClCompile Include="AstroEngine\Src\Client.cpp">
      <Filter>Source Files</Filter>
    </ClCompile>
    <ClCompile Include="AstroEngine\Src\Collision.cpp">
      <Filter>Source Files</Filter>
    </ClCompile>
    <ClCompile Include="AstroEngine\Src\main.cpp">
      <Filter>Source Files</Filter>
    </ClCompile>
    <ClCompile Include="AstroEngine\Src\Map.cpp">
      <Filter>Source Files</Filter>
    </ClCompile>
    <ClCompile Include="AstroEngine\Src\Server.cpp">
      <Filter>Source Files</Filter>
    </ClCompile>
    <ClCompile Include="AstroEngine\Src\TextureManager.cpp">
      <Filter>Source Files</Filter>
    </ClCompile>
    <ClCompile Include="AstroEngine\Src\Vector2D.cpp">
      <Filter>Source Files</Filter>
    </ClCompile>
    <ClCompile Include="enet-1.3.18\callbacks.c">
      <Filter>Source Files</Filter>
    </ClCompile>
    <ClCompile Include="enet-1.3.18\compress.c">
      <Filter>Source Files</Filter>
    </ClCompile>
    <ClCompile Include="enet-1.3.18\host.c">
      <Filter>Source Files</Filter>
    </ClCompile>
    <ClCompile Include="enet-1.3.18\list.c">
      <Filter>Source Files</Filter>
    </ClCompile>
    <ClCompile Include="enet-1.3.18\packet.c">
      <Filter>Source Files</Filter>
    </ClCompile>
    <ClCompile Include="enet-1.3.18\peer.c">
      <Filter>Source Files</Filter>
    </ClCompile>
    <ClCompile Include="enet-1.3.18\protocol.c">
      <Filter>Source Files</Filter>
    </ClCompile>
    <ClCompile Include="enet-1.3.18\unix.c">
      <Filter>Source Files</Filter>
    </ClCompile>
    <ClCompile Include="enet-1.3.18\win32.c">
      <Filter>Source Files</Filter>
    </ClCompile>
    <ClCompile Include="AstroEngine\Src\GameStates\ClientStates\PlayState.cpp">
      <Filter>Source Files</Filter>
    </ClCompile>
    <ClCompile Include="AstroEngine\Src\GameStates\ClientStates\TitleState.cpp">
      <Filter>Source Files</Filter>
    </ClCompile>
    <ClCompile Include="AstroEngine\Src\Systems\RenderSystem.cpp">
      <Filter>Source Files</Filter>
    </ClCompile>
    <ClCompile Include="AstroEngine\Src\GameStates\ServerStates\PlayState_S.cpp">
      <Filter>Source Files</Filter>
    </ClCompile>
    <ClCompile Include="AstroEngine\Src\SceneInstance.cpp">
      <Filter>Source Files</Filter>
    </ClCompile>
  </ItemGroup>
  <ItemGroup>
    <ClInclude Include="AstroEngine\Src\Components\AnimationComponent.h">
      <Filter>Header Files</Filter>
    </ClInclude>
    <ClInclude Include="AstroEngine\Src\ECS\ECS.h">
      <Filter>Header Files</Filter>
    </ClInclude>
    <ClInclude Include="AstroEngine\Src\ECS\InputControllerComponent.h">
      <Filter>Header Files</Filter>
    </ClInclude>
    <ClInclude Include="AstroEngine\Src\AssetManager.h">
      <Filter>Header Files</Filter>
    </ClInclude>
    <ClInclude Include="AstroEngine\Src\Client.h">
      <Filter>Header Files</Filter>
    </ClInclude>
    <ClInclude Include="AstroEngine\Src\Collision.h">
      <Filter>Header Files</Filter>
    </ClInclude>
    <ClInclude Include="AstroEngine\Src\Map.h">
      <Filter>Header Files</Filter>
    </ClInclude>
    <ClInclude Include="AstroEngine\Src\Packet.h">
      <Filter>Header Files</Filter>
    </ClInclude>
    <ClInclude Include="AstroEngine\Src\Server.h">
      <Filter>Header Files</Filter>
    </ClInclude>
    <ClInclude Include="AstroEngine\Src\TextureManager.h">
      <Filter>Header Files</Filter>
    </ClInclude>
    <ClInclude Include="AstroEngine\Src\Vector2D.h">
      <Filter>Header Files</Filter>
    </ClInclude>
    <ClInclude Include="enet-1.3.18\include\enet\callbacks.h">
      <Filter>Header Files</Filter>
    </ClInclude>
    <ClInclude Include="enet-1.3.18\include\enet\enet.h">
      <Filter>Header Files</Filter>
    </ClInclude>
    <ClInclude Include="enet-1.3.18\include\enet\list.h">
      <Filter>Header Files</Filter>
    </ClInclude>
    <ClInclude Include="enet-1.3.18\include\enet\protocol.h">
      <Filter>Header Files</Filter>
    </ClInclude>
    <ClInclude Include="enet-1.3.18\include\enet\time.h">
      <Filter>Header Files</Filter>
    </ClInclude>
    <ClInclude Include="enet-1.3.18\include\enet\types.h">
      <Filter>Header Files</Filter>
    </ClInclude>
    <ClInclude Include="enet-1.3.18\include\enet\unix.h">
      <Filter>Header Files</Filter>
    </ClInclude>
    <ClInclude Include="enet-1.3.18\include\enet\utility.h">
      <Filter>Header Files</Filter>
    </ClInclude>
    <ClInclude Include="enet-1.3.18\include\enet\win32.h">
      <Filter>Header Files</Filter>
    </ClInclude>
    <ClInclude Include="SDL2\include\begin_code.h">
      <Filter>Header Files</Filter>
    </ClInclude>
    <ClInclude Include="SDL2\include\close_code.h">
      <Filter>Header Files</Filter>
    </ClInclude>
    <ClInclude Include="SDL2\include\SDL.h">
      <Filter>Header Files</Filter>
    </ClInclude>
    <ClInclude Include="SDL2\include\SDL_assert.h">
      <Filter>Header Files</Filter>
    </ClInclude>
    <ClInclude Include="SDL2\include\SDL_atomic.h">
      <Filter>Header Files</Filter>
    </ClInclude>
    <ClInclude Include="SDL2\include\SDL_audio.h">
      <Filter>Header Files</Filter>
    </ClInclude>
    <ClInclude Include="SDL2\include\SDL_bits.h">
      <Filter>Header Files</Filter>
    </ClInclude>
    <ClInclude Include="SDL2\include\SDL_blendmode.h">
      <Filter>Header Files</Filter>
    </ClInclude>
    <ClInclude Include="SDL2\include\SDL_clipboard.h">
      <Filter>Header Files</Filter>
    </ClInclude>
    <ClInclude Include="SDL2\include\SDL_config.h">
      <Filter>Header Files</Filter>
    </ClInclude>
    <ClInclude Include="SDL2\include\SDL_cpuinfo.h">
      <Filter>Header Files</Filter>
    </ClInclude>
    <ClInclude Include="SDL2\include\SDL_egl.h">
      <Filter>Header Files</Filter>
    </ClInclude>
    <ClInclude Include="SDL2\include\SDL_endian.h">
      <Filter>Header Files</Filter>
    </ClInclude>
    <ClInclude Include="SDL2\include\SDL_error.h">
      <Filter>Header Files</Filter>
    </ClInclude>
    <ClInclude Include="SDL2\include\SDL_events.h">
      <Filter>Header Files</Filter>
    </ClInclude>
    <ClInclude Include="SDL2\include\SDL_filesystem.h">
      <Filter>Header Files</Filter>
    </ClInclude>
    <ClInclude Include="SDL2\include\SDL_gamecontroller.h">
      <Filter>Header Files</Filter>
    </ClInclude>
    <ClInclude Include="SDL2\include\SDL_gesture.h">
      <Filter>Header Files</Filter>
    </ClInclude>
    <ClInclude Include="SDL2\include\SDL_haptic.h">
      <Filter>Header Files</Filter>
    </ClInclude>
    <ClInclude Include="SDL2\include\SDL_hints.h">
      <Filter>Header Files</Filter>
    </ClInclude>
    <ClInclude Include="SDL2\include\SDL_joystick.h">
      <Filter>Header Files</Filter>
    </ClInclude>
    <ClInclude Include="SDL2\include\SDL_keyboard.h">
      <Filter>Header Files</Filter>
    </ClInclude>
    <ClInclude Include="SDL2\include\SDL_keycode.h">
      <Filter>Header Files</Filter>
    </ClInclude>
    <ClInclude Include="SDL2\include\SDL_loadso.h">
      <Filter>Header Files</Filter>
    </ClInclude>
    <ClInclude Include="SDL2\include\SDL_log.h">
      <Filter>Header Files</Filter>
    </ClInclude>
    <ClInclude Include="SDL2\include\SDL_main.h">
      <Filter>Header Files</Filter>
    </ClInclude>
    <ClInclude Include="SDL2\include\SDL_messagebox.h">
      <Filter>Header Files</Filter>
    </ClInclude>
    <ClInclude Include="SDL2\include\SDL_mouse.h">
      <Filter>Header Files</Filter>
    </ClInclude>
    <ClInclude Include="SDL2\include\SDL_mutex.h">
      <Filter>Header Files</Filter>
    </ClInclude>
    <ClInclude Include="SDL2\include\SDL_name.h">
      <Filter>Header Files</Filter>
    </ClInclude>
    <ClInclude Include="SDL2\include\SDL_opengl.h">
      <Filter>Header Files</Filter>
    </ClInclude>
    <ClInclude Include="SDL2\include\SDL_opengl_glext.h">
      <Filter>Header Files</Filter>
    </ClInclude>
    <ClInclude Include="SDL2\include\SDL_opengles.h">
      <Filter>Header Files</Filter>
    </ClInclude>
    <ClInclude Include="SDL2\include\SDL_opengles2.h">
      <Filter>Header Files</Filter>
    </ClInclude>
    <ClInclude Include="SDL2\include\SDL_opengles2_gl2.h">
      <Filter>Header Files</Filter>
    </ClInclude>
    <ClInclude Include="SDL2\include\SDL_opengles2_gl2ext.h">
      <Filter>Header Files</Filter>
    </ClInclude>
    <ClInclude Include="SDL2\include\SDL_opengles2_gl2platform.h">
      <Filter>Header Files</Filter>
    </ClInclude>
    <ClInclude Include="SDL2\include\SDL_opengles2_khrplatform.h">
      <Filter>Header Files</Filter>
    </ClInclude>
    <ClInclude Include="SDL2\include\SDL_pixels.h">
      <Filter>Header Files</Filter>
    </ClInclude>
    <ClInclude Include="SDL2\include\SDL_platform.h">
      <Filter>Header Files</Filter>
    </ClInclude>
    <ClInclude Include="SDL2\include\SDL_power.h">
      <Filter>Header Files</Filter>
    </ClInclude>
    <ClInclude Include="SDL2\include\SDL_quit.h">
      <Filter>Header Files</Filter>
    </ClInclude>
    <ClInclude Include="SDL2\include\SDL_rect.h">
      <Filter>Header Files</Filter>
    </ClInclude>
    <ClInclude Include="SDL2\include\SDL_render.h">
      <Filter>Header Files</Filter>
    </ClInclude>
    <ClInclude Include="SDL2\include\SDL_revision.h">
      <Filter>Header Files</Filter>
    </ClInclude>
    <ClInclude Include="SDL2\include\SDL_rwops.h">
      <Filter>Header Files</Filter>
    </ClInclude>
    <ClInclude Include="SDL2\include\SDL_scancode.h">
      <Filter>Header Files</Filter>
    </ClInclude>
    <ClInclude Include="SDL2\include\SDL_shape.h">
      <Filter>Header Files</Filter>
    </ClInclude>
    <ClInclude Include="SDL2\include\SDL_stdinc.h">
      <Filter>Header Files</Filter>
    </ClInclude>
    <ClInclude Include="SDL2\include\SDL_surface.h">
      <Filter>Header Files</Filter>
    </ClInclude>
    <ClInclude Include="SDL2\include\SDL_system.h">
      <Filter>Header Files</Filter>
    </ClInclude>
    <ClInclude Include="SDL2\include\SDL_syswm.h">
      <Filter>Header Files</Filter>
    </ClInclude>
    <ClInclude Include="SDL2\include\SDL_test.h">
      <Filter>Header Files</Filter>
    </ClInclude>
    <ClInclude Include="SDL2\include\SDL_test_assert.h">
      <Filter>Header Files</Filter>
    </ClInclude>
    <ClInclude Include="SDL2\include\SDL_test_common.h">
      <Filter>Header Files</Filter>
    </ClInclude>
    <ClInclude Include="SDL2\include\SDL_test_compare.h">
      <Filter>Header Files</Filter>
    </ClInclude>
    <ClInclude Include="SDL2\include\SDL_test_crc32.h">
      <Filter>Header Files</Filter>
    </ClInclude>
    <ClInclude Include="SDL2\include\SDL_test_font.h">
      <Filter>Header Files</Filter>
    </ClInclude>
    <ClInclude Include="SDL2\include\SDL_test_fuzzer.h">
      <Filter>Header Files</Filter>
    </ClInclude>
    <ClInclude Include="SDL2\include\SDL_test_harness.h">
      <Filter>Header Files</Filter>
    </ClInclude>
    <ClInclude Include="SDL2\include\SDL_test_images.h">
      <Filter>Header Files</Filter>
    </ClInclude>
    <ClInclude Include="SDL2\include\SDL_test_log.h">
      <Filter>Header Files</Filter>
    </ClInclude>
    <ClInclude Include="SDL2\include\SDL_test_md5.h">
      <Filter>Header Files</Filter>
    </ClInclude>
    <ClInclude Include="SDL2\include\SDL_test_random.h">
      <Filter>Header Files</Filter>
    </ClInclude>
    <ClInclude Include="SDL2\include\SDL_thread.h">
      <Filter>Header Files</Filter>
    </ClInclude>
    <ClInclude Include="SDL2\include\SDL_timer.h">
      <Filter>Header Files</Filter>
    </ClInclude>
    <ClInclude Include="SDL2\include\SDL_touch.h">
      <Filter>Header Files</Filter>
    </ClInclude>
    <ClInclude Include="SDL2\include\SDL_types.h">
      <Filter>Header Files</Filter>
    </ClInclude>
    <ClInclude Include="SDL2\include\SDL_version.h">
      <Filter>Header Files</Filter>
    </ClInclude>
    <ClInclude Include="SDL2\include\SDL_video.h">
      <Filter>Header Files</Filter>
    </ClInclude>
    <ClInclude Include="SDL2_image-2.0.1\include\SDL_image.h">
      <Filter>Header Files</Filter>
    </ClInclude>
    <ClInclude Include="AstroEngine\Src\ECS\ComponentDataContainer.h">
      <Filter>Header Files</Filter>
    </ClInclude>
    <ClInclude Include="AstroEngine\Src\ECS\ComponentManager.h">
      <Filter>Header Files</Filter>
    </ClInclude>
    <ClInclude Include="AstroEngine\Src\ECS\EntityManager.h">
      <Filter>Header Files</Filter>
    </ClInclude>
    <ClInclude Include="AstroEngine\Src\Scene.h">
      <Filter>Header Files</Filter>
    </ClInclude>
    <ClInclude Include="AstroEngine\Src\SceneInstance.h">
      <Filter>Header Files</Filter>
    </ClInclude>
    <ClInclude Include="AstroEngine\Src\Components\ClickableComponent.h">
      <Filter>Header Files</Filter>
    </ClInclude>
    <ClInclude Include="AstroEngine\Src\Components\ColliderComponent.h">
      <Filter>Header Files</Filter>
    </ClInclude>
    <ClInclude Include="AstroEngine\Src\Components\Components.h">
      <Filter>Header Files</Filter>
    </ClInclude>
    <ClInclude Include="AstroEngine\Src\Components\PlayerComponent.h">
      <Filter>Header Files</Filter>
    </ClInclude>
    <ClInclude Include="AstroEngine\Src\Components\ProjectileComponent.h">
      <Filter>Header Files</Filter>
    </ClInclude>
    <ClInclude Include="AstroEngine\Src\Components\SpriteComponent.h">
      <Filter>Header Files</Filter>
    </ClInclude>
    <ClInclude Include="AstroEngine\Src\Components\TileComponent.h">
      <Filter>Header Files</Filter>
    </ClInclude>
    <ClInclude Include="AstroEngine\Src\Components\TransformComponent.h">
      <Filter>Header Files</Filter>
    </ClInclude>
    <ClInclude Include="AstroEngine\Src\Components\VelocityComponent.h">
      <Filter>Header Files</Filter>
    </ClInclude>
    <ClInclude Include="AstroEngine\Src\GameStates\ClientStates\ClientState.h">
      <Filter>Header Files</Filter>
    </ClInclude>
    <ClInclude Include="AstroEngine\Src\GameStates\ClientStates\PlayState.h">
      <Filter>Header Files</Filter>
    </ClInclude>
    <ClInclude Include="AstroEngine\Src\GameStates\ClientStates\TitleState.h">
      <Filter>Header Files</Filter>
    </ClInclude>
    <ClInclude Include="AstroEngine\Src\Systems\ClickableSystem.h">
      <Filter>Header Files</Filter>
    </ClInclude>
    <ClInclude Include="AstroEngine\Src\Systems\CollisionSystem.h">
      <Filter>Header Files</Filter>
    </ClInclude>
    <ClInclude Include="AstroEngine\Src\Systems\EntityCleanSystem.h">
      <Filter>Header Files</Filter>
    </ClInclude>
    <ClInclude Include="AstroEngine\Src\Systems\MovementSystem.h">
      <Filter>Header Files</Filter>
    </ClInclude>
    <ClInclude Include="AstroEngine\Src\Systems\RenderSystem.h">
      <Filter>Header Files</Filter>
    </ClInclude>
    <ClInclude Include="AstroEngine\Src\Systems\Systems.h">
      <Filter>Header Files</Filter>
    </ClInclude>
    <ClInclude Include="AstroEngine\Src\GameStates\ServerStates\PlayState_S.h">
      <Filter>Header Files</Filter>
    </ClInclude>
    <ClInclude Include="AstroEngine\Src\GameStates\Shared\GamePhase.h">
      <Filter>Header Files</Filter>
    </ClInclude>
    <ClInclude Include="AstroEngine\Src\GameStates\ServerStates\ServerState.h">
      <Filter>Header Files</Filter>
    </ClInclude>
    <ClInclude Include="AstroEngine\Src\Systems\AnimationSystem.h">
      <Filter>Header Files</Filter>
    </ClInclude>
    <ClInclude Include="AstroEngine\Src\Components\HealthComponent.h">
      <Filter>Header Files</Filter>
    </ClInclude>
    <ClInclude Include="AstroEngine\Src\Systems\UISystem.h">
      <Filter>Header Files</Filter>
    </ClInclude>
    <ClInclude Include="AstroEngine\Src\Components\RotationComponent.h">
      <Filter>Header Files</Filter>
    </ClInclude>
    <ClInclude Include="AstroEngine\Src\Components\LabelComponent.h">
      <Filter>Header Files</Filter>
    </ClInclude>
    <ClInclude Include="SDL2_ttf-2.24.0\x86_64-w64-mingw32\include\SDL2\SDL_ttf.h">
      <Filter>Header Files</Filter>
    </ClInclude>
  </ItemGroup>
  <ItemGroup>
    <None Include="enet-1.3.18\docs\html\search\all_0.html" />
    <None Include="enet-1.3.18\docs\html\search\all_1.html" />
    <None Include="enet-1.3.18\docs\html\search\all_2.html" />
    <None Include="enet-1.3.18\docs\html\search\all_3.html" />
    <None Include="enet-1.3.18\docs\html\search\all_4.html" />
    <None Include="enet-1.3.18\docs\html\search\all_5.html" />
    <None Include="enet-1.3.18\docs\html\search\all_6.html" />
    <None Include="enet-1.3.18\docs\html\search\all_7.html" />
    <None Include="enet-1.3.18\docs\html\search\all_8.html" />
    <None Include="enet-1.3.18\docs\html\search\all_9.html" />
    <None Include="enet-1.3.18\docs\html\search\all_10.html" />
    <None Include="enet-1.3.18\docs\html\search\all_11.html" />
    <None Include="enet-1.3.18\docs\html\search\all_12.html" />
    <None Include="enet-1.3.18\docs\html\search\all_13.html" />
    <None Include="enet-1.3.18\docs\html\search\all_a.html" />
    <None Include="enet-1.3.18\docs\html\search\all_b.html" />
    <None Include="enet-1.3.18\docs\html\search\all_c.html" />
    <None Include="enet-1.3.18\docs\html\search\all_d.html" />
    <None Include="enet-1.3.18\docs\html\search\all_e.html" />
    <None Include="enet-1.3.18\docs\html\search\all_f.html" />
    <None Include="enet-1.3.18\docs\html\search\classes_0.html" />
    <None Include="enet-1.3.18\docs\html\search\defines_0.html" />
    <None Include="enet-1.3.18\docs\html\search\defines_1.html" />
    <None Include="enet-1.3.18\docs\html\search\enums_0.html" />
    <None Include="enet-1.3.18\docs\html\search\enumvalues_0.html" />
    <None Include="enet-1.3.18\docs\html\search\files_0.html" />
    <None Include="enet-1.3.18\docs\html\search\files_1.html" />
    <None Include="enet-1.3.18\docs\html\search\files_2.html" />
    <None Include="enet-1.3.18\docs\html\search\files_3.html" />
    <None Include="enet-1.3.18\docs\html\search\files_4.html" />
    <None Include="enet-1.3.18\docs\html\search\files_5.html" />
    <None Include="enet-1.3.18\docs\html\search\files_6.html" />
    <None Include="enet-1.3.18\docs\html\search\files_7.html" />
    <None Include="enet-1.3.18\docs\html\search\files_8.html" />
    <None Include="enet-1.3.18\docs\html\search\files_9.html" />
    <None Include="enet-1.3.18\docs\html\search\files_a.html" />
    <None Include="enet-1.3.18\docs\html\search\files_b.html" />
    <None Include="enet-1.3.18\docs\html\search\functions_0.html" />
    <None Include="enet-1.3.18\docs\html\search\groups_0.html" />
    <None Include="enet-1.3.18\docs\html\search\nomatches.html" />
    <None Include="enet-1.3.18\docs\html\search\pages_0.html" />
    <None Include="enet-1.3.18\docs\html\search\pages_1.html" />
    <None Include="enet-1.3.18\docs\html\search\pages_2.html" />
    <None Include="enet-1.3.18\docs\html\search\pages_3.html" />
    <None Include="enet-1.3.18\docs\html\search\pages_4.html" />
    <None Include="enet-1.3.18\docs\html\search\pages_5.html" />
    <None Include="enet-1.3.18\docs\html\search\pages_6.html" />
    <None Include="enet-1.3.18\docs\html\search\typedefs_0.html" />
    <None Include="enet-1.3.18\docs\html\search\typedefs_1.html" />
    <None Include="enet-1.3.18\docs\html\search\variables_0.html" />
    <None Include="enet-1.3.18\docs\html\search\variables_1.html" />
    <None Include="enet-1.3.18\docs\html\search\variables_2.html" />
    <None Include="enet-1.3.18\docs\html\search\variables_3.html" />
    <None Include="enet-1.3.18\docs\html\search\variables_4.html" />
    <None Include="enet-1.3.18\docs\html\search\variables_5.html" />
    <None Include="enet-1.3.18\docs\html\search\variables_6.html" />
    <None Include="enet-1.3.18\docs\html\search\variables_7.html" />
    <None Include="enet-1.3.18\docs\html\search\variables_8.html" />
    <None Include="enet-1.3.18\docs\html\search\variables_9.html" />
    <None Include="enet-1.3.18\docs\html\search\variables_10.html" />
    <None Include="enet-1.3.18\docs\html\search\variables_11.html" />
    <None Include="enet-1.3.18\docs\html\search\variables_12.html" />
    <None Include="enet-1.3.18\docs\html\search\variables_13.html" />
    <None Include="enet-1.3.18\docs\html\search\variables_a.html" />
    <None Include="enet-1.3.18\docs\html\search\variables_b.html" />
    <None Include="enet-1.3.18\docs\html\search\variables_c.html" />
    <None Include="enet-1.3.18\docs\html\search\variables_d.html" />
    <None Include="enet-1.3.18\docs\html\search\variables_e.html" />
    <None Include="enet-1.3.18\docs\html\search\variables_f.html" />
    <None Include="enet-1.3.18\docs\html\annotated.html" />
    <None Include="enet-1.3.18\docs\html\callbacks_8c.html" />
    <None Include="enet-1.3.18\docs\html\callbacks_8h.html" />
    <None Include="enet-1.3.18\docs\html\compress_8c.html" />
    <None Include="enet-1.3.18\docs\html\design_8dox.html" />
    <None Include="enet-1.3.18\docs\html\dir_49e56c817e5e54854c35e136979f97ca.html" />
    <None Include="enet-1.3.18\docs\html\dir_d44c64559bbebec7f509842c48db8b23.html" />
    <None Include="enet-1.3.18\docs\html\dir_fd6c3a2b8754f03ff2a62b53108cf6e2.html" />
    <None Include="enet-1.3.18\docs\html\Downloads.html" />
    <None Include="enet-1.3.18\docs\html\enet_8h.html" />
    <None Include="enet-1.3.18\docs\html\FAQ.html" />
    <None Include="enet-1.3.18\docs\html\FAQ_8dox.html" />
    <None Include="enet-1.3.18\docs\html\Features.html" />
    <None Include="enet-1.3.18\docs\html\files.html" />
    <None Include="enet-1.3.18\docs\html\globals.html" />
    <None Include="enet-1.3.18\docs\html\globals_defs.html" />
    <None Include="enet-1.3.18\docs\html\globals_enum.html" />
    <None Include="enet-1.3.18\docs\html\globals_eval.html" />
    <None Include="enet-1.3.18\docs\html\globals_func.html" />
    <None Include="enet-1.3.18\docs\html\globals_m.html" />
    <None Include="enet-1.3.18\docs\html\globals_s.html" />
    <None Include="enet-1.3.18\docs\html\globals_type.html" />
    <None Include="enet-1.3.18\docs\html\group__Address.html" />
    <None Include="enet-1.3.18\docs\html\group__callbacks.html" />
    <None Include="enet-1.3.18\docs\html\group__global.html" />
    <None Include="enet-1.3.18\docs\html\group__host.html" />
    <None Include="enet-1.3.18\docs\html\group__list.html" />
    <None Include="enet-1.3.18\docs\html\group__Packet.html" />
    <None Include="enet-1.3.18\docs\html\group__peer.html" />
    <None Include="enet-1.3.18\docs\html\group__private.html" />
    <None Include="enet-1.3.18\docs\html\group__socket.html" />
    <None Include="enet-1.3.18\docs\html\host_8c.html" />
    <None Include="enet-1.3.18\docs\html\index.html" />
    <None Include="enet-1.3.18\docs\html\install_8dox.html" />
    <None Include="enet-1.3.18\docs\html\Installation.html" />
    <None Include="enet-1.3.18\docs\html\IRCChannel.html" />
    <None Include="enet-1.3.18\docs\html\License.html" />
    <None Include="enet-1.3.18\docs\html\license_8dox.html" />
    <None Include="enet-1.3.18\docs\html\list_8c.html" />
    <None Include="enet-1.3.18\docs\html\list_8h.html" />
    <None Include="enet-1.3.18\docs\html\MailingList.html" />
    <None Include="enet-1.3.18\docs\html\mainpage_8dox.html" />
    <None Include="enet-1.3.18\docs\html\modules.html" />
    <None Include="enet-1.3.18\docs\html\packet_8c.html" />
    <None Include="enet-1.3.18\docs\html\peer_8c.html" />
    <None Include="enet-1.3.18\docs\html\protocol_8c.html" />
    <None Include="enet-1.3.18\docs\html\protocol_8h.html" />
    <None Include="enet-1.3.18\docs\html\structENetAcknowledgement.html" />
    <None Include="enet-1.3.18\docs\html\structENetAddress.html" />
    <None Include="enet-1.3.18\docs\html\structENetBuffer.html" />
    <None Include="enet-1.3.18\docs\html\structENetCallbacks.html" />
    <None Include="enet-1.3.18\docs\html\structENetChannel.html" />
    <None Include="enet-1.3.18\docs\html\structENetCompressor.html" />
    <None Include="enet-1.3.18\docs\html\structENetEvent.html" />
    <None Include="enet-1.3.18\docs\html\structENetHost.html" />
    <None Include="enet-1.3.18\docs\html\structENetIncomingCommand.html" />
    <None Include="enet-1.3.18\docs\html\structENetList.html" />
    <None Include="enet-1.3.18\docs\html\structENetListNode.html" />
    <None Include="enet-1.3.18\docs\html\structENetOutgoingCommand.html" />
    <None Include="enet-1.3.18\docs\html\structENetPacket.html" />
    <None Include="enet-1.3.18\docs\html\structENetPeer.html" />
    <None Include="enet-1.3.18\docs\html\structENetProtocolAcknowledge.html" />
    <None Include="enet-1.3.18\docs\html\structENetProtocolBandwidthLimit.html" />
    <None Include="enet-1.3.18\docs\html\structENetProtocolCommandHeader.html" />
    <None Include="enet-1.3.18\docs\html\structENetProtocolConnect.html" />
    <None Include="enet-1.3.18\docs\html\structENetProtocolDisconnect.html" />
    <None Include="enet-1.3.18\docs\html\structENetProtocolHeader.html" />
    <None Include="enet-1.3.18\docs\html\structENetProtocolPing.html" />
    <None Include="enet-1.3.18\docs\html\structENetProtocolSendFragment.html" />
    <None Include="enet-1.3.18\docs\html\structENetProtocolSendReliable.html" />
    <None Include="enet-1.3.18\docs\html\structENetProtocolSendUnreliable.html" />
    <None Include="enet-1.3.18\docs\html\structENetProtocolSendUnsequenced.html" />
    <None Include="enet-1.3.18\docs\html\structENetProtocolThrottleConfigure.html" />
    <None Include="enet-1.3.18\docs\html\structENetProtocolVerifyConnect.html" />
    <None Include="enet-1.3.18\docs\html\time_8h.html" />
    <None Include="enet-1.3.18\docs\html\Tutorial.html" />
    <None Include="enet-1.3.18\docs\html\tutorial_8dox.html" />
    <None Include="enet-1.3.18\docs\html\types_8h.html" />
    <None Include="enet-1.3.18\docs\html\unionENetProtocol.html" />
    <None Include="enet-1.3.18\docs\html\unix_8c.html" />
    <None Include="enet-1.3.18\docs\html\unix_8h.html" />
    <None Include="enet-1.3.18\docs\html\usergroup0.html" />
    <None Include="enet-1.3.18\docs\html\utility_8h.html" />
    <None Include="enet-1.3.18\docs\html\win32_8c.html" />
    <None Include="enet-1.3.18\docs\html\win32_8h.html" />
    <None Include="libpng16-16.dll" />
    <None Include="SDL2.dll" />
    <None Include="SDL2_image.dll" />
    <None Include="zlib1.dll" />
    <None Include="AstroEngine\libpng16-16.dll" />
    <None Include="AstroEngine\SDL2.dll" />
    <None Include="AstroEngine\SDL2_image.dll" />
    <None Include="AstroEngine\zlib1.dll" />
    <None Include="AstroEngine\assets\lolol.kra" />
    <None Include="AstroEngine\assets\map.map" />
    <None Include="assets\map.map" />
  </ItemGroup>
  <ItemGroup>
    <Image Include="AstroEngine\assets\lolol.png">
      <Filter>Resource Files</Filter>
    </Image>
    <Image Include="AstroEngine\assets\player.png">
      <Filter>Resource Files</Filter>
    </Image>
    <Image Include="AstroEngine\assets\ship.png">
      <Filter>Resource Files</Filter>
    </Image>
    <Image Include="AstroEngine\assets\ship_idle.png">
      <Filter>Resource Files</Filter>
    </Image>
    <Image Include="AstroEngine\assets\terrain.png">
      <Filter>Resource Files</Filter>
    </Image>
    <Image Include="AstroEngine\assets\terrains.png">
      <Filter>Resource Files</Filter>
    </Image>
    <Image Include="AstroEngine\assets\test_projectile.png">
      <Filter>Resource Files</Filter>
    </Image>
    <Image Include="assets\lolol.png">
      <Filter>Resource Files</Filter>
    </Image>
    <Image Include="assets\player.png">
      <Filter>Resource Files</Filter>
    </Image>
    <Image Include="assets\ship.png">
      <Filter>Resource Files</Filter>
    </Image>
    <Image Include="assets\ship_idle.png">
      <Filter>Resource Files</Filter>
    </Image>
    <Image Include="assets\terrain.png">
      <Filter>Resource Files</Filter>
    </Image>
    <Image Include="assets\terrains.png">
      <Filter>Resource Files</Filter>
    </Image>
    <Image Include="assets\test_projectile.png">
      <Filter>Resource Files</Filter>
    </Image>
    <Image Include="assets\TitleScreen.png">
      <Filter>Resource Files</Filter>
    </Image>
    <Image Include="assets\PlayBtn.png">
      <Filter>Resource Files</Filter>
    </Image>
  </ItemGroup>
</Project>